{
  "nodes": {
    "flake-utils": {
      "inputs": {
        "systems": "systems"
      },
      "locked": {
        "lastModified": 1694529238,
        "narHash": "sha256-zsNZZGTGnMOf9YpHKJqMSsa0dXbfmxeoJ7xHlrt+xmY=",
        "owner": "numtide",
        "repo": "flake-utils",
        "rev": "ff7b65b44d01cf9ba6a71320833626af21126384",
        "type": "github"
      },
      "original": {
        "owner": "numtide",
        "repo": "flake-utils",
        "type": "github"
      }
    },
    "nixpkgs": {
      "locked": {
        "lastModified": 1703992652,
        "narHash": "sha256-C0o8AUyu8xYgJ36kOxJfXIroy9if/G6aJbNOpA5W0+M=",
        "owner": "nixos",
        "repo": "nixpkgs",
        "rev": "32f63574c85fbc80e4ba1fbb932cde9619bad25e",
        "type": "github"
      },
      "original": {
        "owner": "nixos",
        "ref": "nixos-23.11",
        "repo": "nixpkgs",
        "type": "github"
      }
    },
    "root": {
      "inputs": {
        "nixpkgs": "nixpkgs",
        "utils": "utils",
        "yarnpnp2nix": "yarnpnp2nix"
      }
    },
    "systems": {
      "locked": {
        "lastModified": 1681028828,
        "narHash": "sha256-Vy1rq5AaRuLzOxct8nz4T6wlgyUR7zLU309k9mBC768=",
        "owner": "nix-systems",
        "repo": "default",
        "rev": "da67096a3b9bf56a91d16901293e51ba5b49a27e",
        "type": "github"
      },
      "original": {
        "owner": "nix-systems",
        "repo": "default",
        "type": "github"
      }
    },
    "utils": {
      "inputs": {
        "flake-utils": "flake-utils"
      },
      "locked": {
        "lastModified": 1696331477,
        "narHash": "sha256-YkbRa/1wQWdWkVJ01JvV+75KIdM37UErqKgTf0L54Fk=",
        "owner": "gytis-ivaskevicius",
        "repo": "flake-utils-plus",
        "rev": "bfc53579db89de750b25b0c5e7af299e0c06d7d3",
        "type": "github"
      },
      "original": {
        "owner": "gytis-ivaskevicius",
        "repo": "flake-utils-plus",
        "type": "github"
      }
    },
    "utils_2": {
      "locked": {
        "lastModified": 1667077288,
        "narHash": "sha256-bdC8sFNDpT0HK74u9fUkpbf1MEzVYJ+ka7NXCdgBoaA=",
        "owner": "numtide",
        "repo": "flake-utils",
        "rev": "6ee9ebb6b1ee695d2cacc4faa053a7b9baa76817",
        "type": "github"
      },
      "original": {
        "owner": "numtide",
        "repo": "flake-utils",
        "type": "github"
      }
    },
    "yarnpnp2nix": {
      "inputs": {
        "nixpkgs": [
          "nixpkgs"
        ],
        "utils": "utils_2"
      },
      "locked": {
        "lastModified": 0,
        "narHash": "sha256-vR3v3chtUfbR2LKXwUei5vTE8HHuzO/k/r26wy1rw/g=",
        "path": "/nix/store/c5574yqnc1r5qdkn4nzkskrzcknj2xvc-source",
        "type": "path"
      },
      "original": {
        "path": "/nix/store/c5574yqnc1r5qdkn4nzkskrzcknj2xvc-source",
        "type": "path"
      }
    }
  },
  "root": "root",
  "version": 7
}
