# This file is generated by running "yarn install" inside your project.
# Manual changes might be lost - proceed with caution!

__metadata:
  version: 7
  cacheKey: 9

"@esbuild/android-arm@npm:0.15.12":
  version: 0.15.12
  resolution: "@esbuild/android-arm@npm:0.15.12"
  conditions: os=android & cpu=arm
  languageName: node
  linkType: hard

"@esbuild/linux-loong64@npm:0.15.12":
  version: 0.15.12
  resolution: "@esbuild/linux-loong64@npm:0.15.12"
  conditions: os=linux & cpu=loong64
  languageName: node
  linkType: hard

"@gar/promisify@npm:^1.1.3":
  version: 1.1.3
  resolution: "@gar/promisify@npm:1.1.3"
  checksum: 3fadc40481a783ddb90397f5759f92650b57465f7a4a778056bd24b47060595012e9181a55ae547d57a893d37d9776abe9e368f1f6918e37225eb6a83f9a75f8
  languageName: node
  linkType: hard

"@npmcli/fs@npm:^2.1.0":
  version: 2.1.2
  resolution: "@npmcli/fs@npm:2.1.2"
  dependencies:
    "@gar/promisify": "npm:^1.1.3"
    semver: "npm:^7.3.5"
  checksum: 82bc61f832f45e2033ea3522f66a94de50e5561577b1f3af226576ad5467c240375eba948d4ea1ca146e7871740fb3005e7c4f3f1ab616e79a5a5cedd9fdb789
  languageName: node
  linkType: hard

"@npmcli/move-file@npm:^2.0.0":
  version: 2.0.1
  resolution: "@npmcli/move-file@npm:2.0.1"
  dependencies:
    mkdirp: "npm:^1.0.4"
    rimraf: "npm:^3.0.2"
  checksum: 3557a12cd18dfb5bcd5d5cf910b783832af50ffba28fd5bb510c3c56b2df0481558b9ec6d3008e8eeefb9f2944bdc1d34832b1a8bbf6ad1cd2f256bf12c84ff0
  languageName: node
  linkType: hard

"@tootallnate/once@npm:2":
  version: 2.0.0
  resolution: "@tootallnate/once@npm:2.0.0"
  checksum: d9f7f2130a0a2e1ea50f3bc90b83a8b99c913bbb80d7a1706f7f4730292ef299d18443c3b57a42dfb17c6559c9085e13f751b1b6c969bcff7bee3eeaf9da4dec
  languageName: node
  linkType: hard

"@types/node@npm:^18.7.6":
  version: 18.11.3
  resolution: "@types/node@npm:18.11.3"
  checksum: a5764e83c872478f994bbc93807640db0d1ed6da7e9d55d18a9610691a89f169722414d480c44388550945b3c16a838f5e3e94de28207cc0616f12dba70edb96
  languageName: node
  linkType: hard

"@yarnpkg/fslib@npm:^3.0.0-rc.25":
  version: 3.0.0-rc.26
  resolution: "@yarnpkg/fslib@npm:3.0.0-rc.26"
  dependencies:
    tslib: "npm:^2.4.0"
  checksum: 73cf8d79be86321dfd8395b3602d3e03e3b99f542718512bb2e0e6a01d4a79be01734f98a9c63b0b41371b3e288fb9372261a0817448868c4bfdf055d6309508
  languageName: node
  linkType: hard

"@yarnpkg/pnp@file:./yarnpkg-pnp.tgz::locator=yarn-plugin-yarnpnp2nix%40workspace%3A.":
  version: 4.0.0-rc.25
  resolution: "@yarnpkg/pnp@file:./yarnpkg-pnp.tgz::locator=yarn-plugin-yarnpnp2nix%40workspace%3A."
  dependencies:
    "@types/node": "npm:^18.7.6"
    "@yarnpkg/fslib": "npm:^3.0.0-rc.25"
  checksum: 8c1d64b47a1bdaa1e8c8da961c2d51e5d739a9fe5273a1ffe04eb0fba57968fda6f292e0c016e8fcdf1970c156dfb3c209e89462a15aefda5a712064a464ce32
  languageName: node
  linkType: hard

"abbrev@npm:1, abbrev@npm:^1.0.0":
  version: 1.1.1
  resolution: "abbrev@npm:1.1.1"
  checksum: 76e7fb9283b13208d5cf55df46669f9cf5e72007cb66595849be2d5e96c0a43704132d030c5705f9447266183986e1e8a4fc3e9578cb60a1f19cf0157664f957
  languageName: node
  linkType: hard

"agent-base@npm:6, agent-base@npm:^6.0.2":
  version: 6.0.2
  resolution: "agent-base@npm:6.0.2"
  dependencies:
    debug: "npm:4"
  checksum: 2d0cdeccfe3058cb18661db3bcbb6cc092144eaecd7da3ee4321be0490d5654e53dbd08c28690d83f55f791b0369819f5872ee5122a2aad0a39edbc51798f01b
  languageName: node
  linkType: hard

"agentkeepalive@npm:^4.2.1":
  version: 4.2.1
  resolution: "agentkeepalive@npm:4.2.1"
  dependencies:
    debug: "npm:^4.1.0"
    depd: "npm:^1.1.2"
    humanize-ms: "npm:^1.2.1"
  checksum: c0a7067d1bec147b40bc046ed3ad32bfff35014e7d20e21219f90a21df661d85124e5ffa5bd89118d7ceac9105e2e9b0525ea317a2958b39a357535394b483b0
  languageName: node
  linkType: hard

"aggregate-error@npm:^3.0.0":
  version: 3.1.0
  resolution: "aggregate-error@npm:3.1.0"
  dependencies:
    clean-stack: "npm:^2.0.0"
    indent-string: "npm:^4.0.0"
  checksum: 676b1da86a0ff06a29d9a318109752990c28aae4600f6d094845a679f388a2a246402d993d223165d208122d81823235969132dc09439de2eee50a9f48fa9db9
  languageName: node
  linkType: hard

"ansi-regex@npm:^5.0.1":
  version: 5.0.1
  resolution: "ansi-regex@npm:5.0.1"
  checksum: 627f94ee7fcc5e03186646ebd11ca2ccd954f3cb48fc6a3f42883db6bbf3df5dfba06d62647b2f72c975349fc072c5c44808b7da26d08a9313a7f304acda2efb
  languageName: node
  linkType: hard

"anymatch@npm:~3.1.2":
  version: 3.1.2
  resolution: "anymatch@npm:3.1.2"
  dependencies:
    normalize-path: "npm:^3.0.0"
    picomatch: "npm:^2.0.4"
  checksum: b9266228a3e1406086ece57c20f9cbfc9755375218697c79a71fba9245ad23a672687314422e97753fbb3bccd245d7c76974d7c15ba513386b499de6ba002300
  languageName: node
  linkType: hard

"aproba@npm:^1.0.3 || ^2.0.0":
  version: 2.0.0
  resolution: "aproba@npm:2.0.0"
  checksum: 02a080748877ae9a7d8973c37c688669a59971c5ec38a4c44f4a7176a52313da0b0c1e1518f80d3b80d75d0d4a16f25a4151a2316bad3db06bb34cb0245cc4fa
  languageName: node
  linkType: hard

"are-we-there-yet@npm:^3.0.0":
  version: 3.0.1
  resolution: "are-we-there-yet@npm:3.0.1"
  dependencies:
    delegates: "npm:^1.0.0"
    readable-stream: "npm:^3.6.0"
  checksum: 7137e25713c611cf38054434ba377e2f7ad3a4bbdb7ac3565ed5caac786080d1c86ed0b280edd917b4c1001ee0d6ed7bdd53effd69b5af4251e5a4fd18d09fbe
  languageName: node
  linkType: hard

"balanced-match@npm:^1.0.0":
  version: 1.0.2
  resolution: "balanced-match@npm:1.0.2"
  checksum: 9ca7fca1845f06edbd8478e209a2e8eed5bb148a021719e77affeaf0c61e45af20279e4540a9f11942acc27c078fc132ff0ebc9c16a403033cff5af3d8199f40
  languageName: node
  linkType: hard

"binary-extensions@npm:^2.0.0":
  version: 2.2.0
  resolution: "binary-extensions@npm:2.2.0"
  checksum: 16cf7c0cfd2d04c0d7a115473b14054d6b01c077d8894f5eadc53e0cc1a0bea512a6187b314b26c99efd0c5f02b2871ab413017916d9ecaa47fa23d0f519adc6
  languageName: node
  linkType: hard

"brace-expansion@npm:^1.1.7":
  version: 1.1.11
  resolution: "brace-expansion@npm:1.1.11"
  dependencies:
    balanced-match: "npm:^1.0.0"
    concat-map: "npm:0.0.1"
  checksum: 5ecc6da29cd3b4d49a832fd8e48f3a8b6ac058f82fe778eb6751ed30a206c5ec5171f6f632aa1946ffb4f8151136740803f620b15edca8437a9348cbb21a8ba8
  languageName: node
  linkType: hard

"brace-expansion@npm:^2.0.1":
  version: 2.0.1
  resolution: "brace-expansion@npm:2.0.1"
  dependencies:
    balanced-match: "npm:^1.0.0"
  checksum: 0f8d0d6a165d636fed93a7dd9321a5ae122cac9a672d8a9e01997e4ae09743cb3cbfb0a6e6b32303cda0f1f40617e2c0953f28f59a6f01d6d12c9698a3f0e41b
  languageName: node
  linkType: hard

"braces@npm:~3.0.2":
  version: 3.0.2
  resolution: "braces@npm:3.0.2"
  dependencies:
    fill-range: "npm:^7.0.1"
  checksum: 1aa7f7f39e1dff23894196303515503dd945f36adcb78073ee067b421ecc595265556911183b24d1bc4e51011d3536d63d117cb4493e5123fcc7456596a93637
  languageName: node
  linkType: hard

"cacache@npm:^16.1.0":
  version: 16.1.3
  resolution: "cacache@npm:16.1.3"
  dependencies:
    "@npmcli/fs": "npm:^2.1.0"
    "@npmcli/move-file": "npm:^2.0.0"
    chownr: "npm:^2.0.0"
    fs-minipass: "npm:^2.1.0"
    glob: "npm:^8.0.1"
    infer-owner: "npm:^1.0.4"
    lru-cache: "npm:^7.7.1"
    minipass: "npm:^3.1.6"
    minipass-collect: "npm:^1.0.2"
    minipass-flush: "npm:^1.0.5"
    minipass-pipeline: "npm:^1.2.4"
    mkdirp: "npm:^1.0.4"
    p-map: "npm:^4.0.0"
    promise-inflight: "npm:^1.0.1"
    rimraf: "npm:^3.0.2"
    ssri: "npm:^9.0.0"
    tar: "npm:^6.1.11"
    unique-filename: "npm:^2.0.0"
  checksum: 54f39565219c47ac624e0efeae123551b5391844f18ae69d0c344f51ce2b9ae4adec62316e5eae7e11cf83c3c21f726a0117d55400182779dce687887ce3f50e
  languageName: node
  linkType: hard

"chokidar@npm:^3.5.2":
  version: 3.5.3
  resolution: "chokidar@npm:3.5.3"
  dependencies:
    anymatch: "npm:~3.1.2"
    braces: "npm:~3.0.2"
    fsevents: "npm:~2.3.2"
    glob-parent: "npm:~5.1.2"
    is-binary-path: "npm:~2.1.0"
    is-glob: "npm:~4.0.1"
    normalize-path: "npm:~3.0.0"
    readdirp: "npm:~3.6.0"
  dependenciesMeta:
    fsevents:
      optional: true
  checksum: eb45bf6464f6c871e2b46926eaaf35abc06624d4ca8b894bc7c927d8ac808e680d977c37283276992159360767d51c64b4c9bb91ece91beceaf3cb4abe555f99
  languageName: node
  linkType: hard

"chownr@npm:^2.0.0":
  version: 2.0.0
  resolution: "chownr@npm:2.0.0"
  checksum: 7b240ff920db951fd3841116c5e0e2ec4750e20c85cd044ea78f636202e1fa47ce0a20d48c3c912edc52ea0f1615aba37bdd6297d3a731b517647ed33c3dee09
  languageName: node
  linkType: hard

"clean-stack@npm:^2.0.0":
  version: 2.2.0
  resolution: "clean-stack@npm:2.2.0"
  checksum: 0a476c914f0a5e9e12b215729e1a633fcbdd47b8c3d508ebe6441f2ef8d5047fdd0800926349dd18253db4bfcab3e48aa0aca1f2e7f5d614f7194778d7851be4
  languageName: node
  linkType: hard

"color-support@npm:^1.1.3":
  version: 1.1.3
  resolution: "color-support@npm:1.1.3"
  bin:
    color-support: bin.js
  checksum: 8dc879a976be92306773276728e0bbb0925478b2373f133a98e563c497ccd58f220b9c30cea37c72678fe071627d7391b3751a1b92aaa5e872cd278b00b96b74
  languageName: node
  linkType: hard

"concat-map@npm:0.0.1":
  version: 0.0.1
  resolution: "concat-map@npm:0.0.1"
  checksum: 88222f18b3a68b71fe4473a146c8ed3315ec0488703104319c53543ad4668af3e79418ab79e2fa8032ee04c3eb45cc478815b89877a048cc5ba34e201bc15c35
  languageName: node
  linkType: hard

"console-control-strings@npm:^1.1.0":
  version: 1.1.0
  resolution: "console-control-strings@npm:1.1.0"
  checksum: d286ffd439aac97472557325e6aa4cc3a2eefe495a70a9640b89508880db4bba1bd1b29bb011608c23033d884c84cac8da95c8f12ca0ec69ccc70d6d5f39c618
  languageName: node
  linkType: hard

"debug@npm:4, debug@npm:^4.1.0, debug@npm:^4.3.3":
  version: 4.3.4
  resolution: "debug@npm:4.3.4"
  dependencies:
    ms: "npm:2.1.2"
  peerDependenciesMeta:
    supports-color:
      optional: true
  checksum: ab50d98b6f2a0e803379e8f789017f4215efd0e085774623e462c691e9f99bfd359a35f7424ff401da3ea58b31f89ceebc9ea35779b4a94f78b0ee3e235b6640
  languageName: node
  linkType: hard

"debug@npm:^3.2.7":
  version: 3.2.7
  resolution: "debug@npm:3.2.7"
  dependencies:
    ms: "npm:^2.1.1"
  checksum: b98f479c1004d349128ba45f38fb1af53fa3ab1a3614f27c56e2cfbee34b58cbf7dc060fead0882a5b64924e49d1dd59fb796a5d90ba7b1987d72d426e199253
  languageName: node
  linkType: hard

"delegates@npm:^1.0.0":
  version: 1.0.0
  resolution: "delegates@npm:1.0.0"
  checksum: 2ef8c043c6caea7f00f23236e0606b00f10d2b497657d63d230e50efdef307936b070734187b03960b9c4afe64ce9e09a77c01da60e661d42dcefec11ce41c30
  languageName: node
  linkType: hard

"depd@npm:^1.1.2":
  version: 1.1.2
  resolution: "depd@npm:1.1.2"
  checksum: e9fb93771e7cf3d88c4e38ca95742f7c58cae31928eb5e67a1a14d970325a02755451bb7fafc2db72333a5cf7fc14e07e4f8d709c0df70143355e77e8d090bac
  languageName: node
  linkType: hard

"emoji-regex@npm:^8.0.0":
  version: 8.0.0
  resolution: "emoji-regex@npm:8.0.0"
  checksum: 0b84c9059a3f051e3da79112ee450f22bc8466dde2a7e09a0b1fc4eff3b98183596e6e2704d5356266851e2a013d95467421eb81c36408fbab1aeb3fc5e4764f
  languageName: node
  linkType: hard

"encoding@npm:^0.1.13":
  version: 0.1.13
  resolution: "encoding@npm:0.1.13"
  dependencies:
    iconv-lite: "npm:^0.6.2"
  checksum: 954eb7d006c8d466207dcda57ddd15b1d6667607b8da15c7ce400d377504aafcc5e2f5507027cfb045cad7aefd15d18aa3f6e14f3a73ed2b26ad5ff08004536b
  languageName: node
  linkType: hard

"env-paths@npm:^2.2.0":
  version: 2.2.1
  resolution: "env-paths@npm:2.2.1"
  checksum: 528af3898854262b86b3adb5de09e6c81b8c0e3f4f675750282281b86782ddc3c33ffc13598d903d9eb23652f339ded86c994b61fe06e5f9cbb69a191f62244b
  languageName: node
  linkType: hard

"err-code@npm:^2.0.2":
  version: 2.0.3
  resolution: "err-code@npm:2.0.3"
  checksum: 12244d58c3eeb73a5ebf633ff615b2366cedaccfea3c2b4d6a3295f6440661052e9574c71f89d6dc8a5466e3d84be0b1994e2a4017ab10e1f037f8be1ca89a37
  languageName: node
  linkType: hard

"esbuild-android-64@npm:0.15.12":
  version: 0.15.12
  resolution: "esbuild-android-64@npm:0.15.12"
  conditions: os=android & cpu=x64
  languageName: node
  linkType: hard

"esbuild-android-arm64@npm:0.15.12":
  version: 0.15.12
  resolution: "esbuild-android-arm64@npm:0.15.12"
  conditions: os=android & cpu=arm64
  languageName: node
  linkType: hard

"esbuild-darwin-64@npm:0.15.12":
  version: 0.15.12
  resolution: "esbuild-darwin-64@npm:0.15.12"
  conditions: os=darwin & cpu=x64
  languageName: node
  linkType: hard

"esbuild-darwin-arm64@npm:0.15.12":
  version: 0.15.12
  resolution: "esbuild-darwin-arm64@npm:0.15.12"
  conditions: os=darwin & cpu=arm64
  languageName: node
  linkType: hard

"esbuild-freebsd-64@npm:0.15.12":
  version: 0.15.12
  resolution: "esbuild-freebsd-64@npm:0.15.12"
  conditions: os=freebsd & cpu=x64
  languageName: node
  linkType: hard

"esbuild-freebsd-arm64@npm:0.15.12":
  version: 0.15.12
  resolution: "esbuild-freebsd-arm64@npm:0.15.12"
  conditions: os=freebsd & cpu=arm64
  languageName: node
  linkType: hard

"esbuild-linux-32@npm:0.15.12":
  version: 0.15.12
  resolution: "esbuild-linux-32@npm:0.15.12"
  conditions: os=linux & cpu=ia32
  languageName: node
  linkType: hard

"esbuild-linux-64@npm:0.15.12":
  version: 0.15.12
  resolution: "esbuild-linux-64@npm:0.15.12"
  conditions: os=linux & cpu=x64
  languageName: node
  linkType: hard

"esbuild-linux-arm64@npm:0.15.12":
  version: 0.15.12
  resolution: "esbuild-linux-arm64@npm:0.15.12"
  conditions: os=linux & cpu=arm64
  languageName: node
  linkType: hard

"esbuild-linux-arm@npm:0.15.12":
  version: 0.15.12
  resolution: "esbuild-linux-arm@npm:0.15.12"
  conditions: os=linux & cpu=arm
  languageName: node
  linkType: hard

"esbuild-linux-mips64le@npm:0.15.12":
  version: 0.15.12
  resolution: "esbuild-linux-mips64le@npm:0.15.12"
  conditions: os=linux & cpu=mips64el
  languageName: node
  linkType: hard

"esbuild-linux-ppc64le@npm:0.15.12":
  version: 0.15.12
  resolution: "esbuild-linux-ppc64le@npm:0.15.12"
  conditions: os=linux & cpu=ppc64
  languageName: node
  linkType: hard

"esbuild-linux-riscv64@npm:0.15.12":
  version: 0.15.12
  resolution: "esbuild-linux-riscv64@npm:0.15.12"
  conditions: os=linux & cpu=riscv64
  languageName: node
  linkType: hard

"esbuild-linux-s390x@npm:0.15.12":
  version: 0.15.12
  resolution: "esbuild-linux-s390x@npm:0.15.12"
  conditions: os=linux & cpu=s390x
  languageName: node
  linkType: hard

"esbuild-netbsd-64@npm:0.15.12":
  version: 0.15.12
  resolution: "esbuild-netbsd-64@npm:0.15.12"
  conditions: os=netbsd & cpu=x64
  languageName: node
  linkType: hard

"esbuild-openbsd-64@npm:0.15.12":
  version: 0.15.12
  resolution: "esbuild-openbsd-64@npm:0.15.12"
  conditions: os=openbsd & cpu=x64
  languageName: node
  linkType: hard

"esbuild-sunos-64@npm:0.15.12":
  version: 0.15.12
  resolution: "esbuild-sunos-64@npm:0.15.12"
  conditions: os=sunos & cpu=x64
  languageName: node
  linkType: hard

"esbuild-windows-32@npm:0.15.12":
  version: 0.15.12
  resolution: "esbuild-windows-32@npm:0.15.12"
  conditions: os=win32 & cpu=ia32
  languageName: node
  linkType: hard

"esbuild-windows-64@npm:0.15.12":
  version: 0.15.12
  resolution: "esbuild-windows-64@npm:0.15.12"
  conditions: os=win32 & cpu=x64
  languageName: node
  linkType: hard

"esbuild-windows-arm64@npm:0.15.12":
  version: 0.15.12
  resolution: "esbuild-windows-arm64@npm:0.15.12"
  conditions: os=win32 & cpu=arm64
  languageName: node
  linkType: hard

"esbuild@npm:^0.15.10":
  version: 0.15.12
  resolution: "esbuild@npm:0.15.12"
  dependencies:
    "@esbuild/android-arm": "npm:0.15.12"
    "@esbuild/linux-loong64": "npm:0.15.12"
    esbuild-android-64: "npm:0.15.12"
    esbuild-android-arm64: "npm:0.15.12"
    esbuild-darwin-64: "npm:0.15.12"
    esbuild-darwin-arm64: "npm:0.15.12"
    esbuild-freebsd-64: "npm:0.15.12"
    esbuild-freebsd-arm64: "npm:0.15.12"
    esbuild-linux-32: "npm:0.15.12"
    esbuild-linux-64: "npm:0.15.12"
    esbuild-linux-arm: "npm:0.15.12"
    esbuild-linux-arm64: "npm:0.15.12"
    esbuild-linux-mips64le: "npm:0.15.12"
    esbuild-linux-ppc64le: "npm:0.15.12"
    esbuild-linux-riscv64: "npm:0.15.12"
    esbuild-linux-s390x: "npm:0.15.12"
    esbuild-netbsd-64: "npm:0.15.12"
    esbuild-openbsd-64: "npm:0.15.12"
    esbuild-sunos-64: "npm:0.15.12"
    esbuild-windows-32: "npm:0.15.12"
    esbuild-windows-64: "npm:0.15.12"
    esbuild-windows-arm64: "npm:0.15.12"
  dependenciesMeta:
    "@esbuild/android-arm":
      optional: true
    "@esbuild/linux-loong64":
      optional: true
    esbuild-android-64:
      optional: true
    esbuild-android-arm64:
      optional: true
    esbuild-darwin-64:
      optional: true
    esbuild-darwin-arm64:
      optional: true
    esbuild-freebsd-64:
      optional: true
    esbuild-freebsd-arm64:
      optional: true
    esbuild-linux-32:
      optional: true
    esbuild-linux-64:
      optional: true
    esbuild-linux-arm:
      optional: true
    esbuild-linux-arm64:
      optional: true
    esbuild-linux-mips64le:
      optional: true
    esbuild-linux-ppc64le:
      optional: true
    esbuild-linux-riscv64:
      optional: true
    esbuild-linux-s390x:
      optional: true
    esbuild-netbsd-64:
      optional: true
    esbuild-openbsd-64:
      optional: true
    esbuild-sunos-64:
      optional: true
    esbuild-windows-32:
      optional: true
    esbuild-windows-64:
      optional: true
    esbuild-windows-arm64:
      optional: true
  bin:
    esbuild: bin/esbuild
  checksum: b8f269625e68bc0b0dcf82b0385a66985ab5071cd5f9a988b7023bd369ba3615027f92d3c5b07ea8768c066fa1230100f1191e09153d18f8de65218d590a6b3d
  languageName: node
  linkType: hard

"fill-range@npm:^7.0.1":
  version: 7.0.1
  resolution: "fill-range@npm:7.0.1"
  dependencies:
    to-regex-range: "npm:^5.0.1"
  checksum: e5ccb299de8a12ea5dcef663f658933e2fbdf40aeab3e7e5af9132e82d7f6bdd0984ac2e122dc1825707f33917c308bc40b632b852331c900c317c5d64bb7bf0
  languageName: node
  linkType: hard

"fs-minipass@npm:^2.0.0, fs-minipass@npm:^2.1.0":
  version: 2.1.0
  resolution: "fs-minipass@npm:2.1.0"
  dependencies:
    minipass: "npm:^3.0.0"
  checksum: 56d19f9a034cbef50b7fe846a71ab1a6a7ee7906205f9f18b7c9696e1f6d83c4d708a0196c65536f34e569205664840dd4f97f1286a26148a4c5bf74a67fe8db
  languageName: node
  linkType: hard

"fs.realpath@npm:^1.0.0":
  version: 1.0.0
  resolution: "fs.realpath@npm:1.0.0"
  checksum: 477fb3547134ce67d71531a19b2597028d2efaeced56a2fcb125ba9994a4204685d256795e4a5b68e5d866d11d8d0dd9050937cb44037beb4caeb3acb75602e2
  languageName: node
  linkType: hard

"fsevents@npm:~2.3.2":
  version: 2.3.2
  resolution: "fsevents@npm:2.3.2"
  dependencies:
    node-gyp: "npm:latest"
  checksum: c85eed7a3e0bbe6908f9feae8a823ee63a796ea2b32e20616ee33f0dda9417976f5a087a8cd2ccf228aae1c5b8b6125c9800f05dd69aaf016c34352a0567dcfb
  conditions: os=darwin
  languageName: node
  linkType: hard

"fsevents@patch:fsevents@npm%3A~2.3.2#optional!builtin<compat/fsevents>":
  version: 2.3.2
  resolution: "fsevents@patch:fsevents@npm%3A2.3.2#optional!builtin<compat/fsevents>::version=2.3.2&hash=18f3a7"
  dependencies:
    node-gyp: "npm:latest"
  conditions: os=darwin
  languageName: node
  linkType: hard

"gauge@npm:^4.0.3":
  version: 4.0.4
  resolution: "gauge@npm:4.0.4"
  dependencies:
    aproba: "npm:^1.0.3 || ^2.0.0"
    color-support: "npm:^1.1.3"
    console-control-strings: "npm:^1.1.0"
    has-unicode: "npm:^2.0.1"
    signal-exit: "npm:^3.0.7"
    string-width: "npm:^4.2.3"
    strip-ansi: "npm:^6.0.1"
    wide-align: "npm:^1.1.5"
  checksum: 4fc68f770dba9962a326918f33f58f2458eddea08442c2d716238357e4291dee4223a812ce11084b54f928d607e4dfb6f380ba28d435b2721de94a22d5600669
  languageName: node
  linkType: hard

"glob-parent@npm:~5.1.2":
  version: 5.1.2
  resolution: "glob-parent@npm:5.1.2"
  dependencies:
    is-glob: "npm:^4.0.1"
  checksum: 2a8fd4de469543f6160dbfff5c59950e39494fc8b692ca7e1d0a5564450dee53228370b43bcfdeda82c2f96b26de618ef8aa5ece28090fcd568c411b6148241d
  languageName: node
  linkType: hard

"glob@npm:^7.1.3, glob@npm:^7.1.4":
  version: 7.2.3
  resolution: "glob@npm:7.2.3"
  dependencies:
    fs.realpath: "npm:^1.0.0"
    inflight: "npm:^1.0.4"
    inherits: "npm:2"
    minimatch: "npm:^3.1.1"
    once: "npm:^1.3.0"
    path-is-absolute: "npm:^1.0.0"
  checksum: c55966a5db7ed2f30976a1490f3165f9d4e20ac7cabf01b55da4cc4f8f53a4c506e6f427e469c2fbf68636200871f3acf07e159ba6d9b65e7386216b98474a34
  languageName: node
  linkType: hard

"glob@npm:^8.0.1":
  version: 8.0.3
  resolution: "glob@npm:8.0.3"
  dependencies:
    fs.realpath: "npm:^1.0.0"
    inflight: "npm:^1.0.4"
    inherits: "npm:2"
    minimatch: "npm:^5.0.1"
    once: "npm:^1.3.0"
  checksum: e629823aabf11611bfe7b3a2f4582a5e0898daaecba3263081d5d4a8fcc595d07aefb85c178e816f7bf1c07a09fd164dc80558b83e9e825555796929164404b1
  languageName: node
  linkType: hard

"graceful-fs@npm:^4.2.6":
  version: 4.2.10
  resolution: "graceful-fs@npm:4.2.10"
  checksum: 6b5f9b5aeaee0459b9c37bdbf9624f788703ce291d6bf2d7751f5003942e853f232ca613aec818d1ff7622379bc8b434c635bfda99db93e0b9b8da80ec3d844d
  languageName: node
  linkType: hard

"has-flag@npm:^3.0.0":
  version: 3.0.0
  resolution: "has-flag@npm:3.0.0"
  checksum: b1cb757b71bca736b4f7a060d52a7914b1438d7bd7ba3cb783f71728c7a72d51520955d477d54fce75e19a859d93fadc9b707de019c141c45f2e560c48beb1f9
  languageName: node
  linkType: hard

"has-unicode@npm:^2.0.1":
  version: 2.0.1
  resolution: "has-unicode@npm:2.0.1"
  checksum: d7f38422bc8e339b52014ed5aea2fdcb6545e583ac252081bc7d0970ae8eaa6efa3d056aa3119ac5825bc51fc289b53fa7b3588a40b8bf71a0dabc346513c485
  languageName: node
  linkType: hard

"http-cache-semantics@npm:^4.1.0":
  version: 4.1.0
  resolution: "http-cache-semantics@npm:4.1.0"
  checksum: ccfe23dd2729bc564ab419330e0c4646a1247e8dd728a4a6b3ab427b5243d2e0afea0c6fe690ff9ead43d02bd84cc5240e996543c4c87866f272e26e40540acd
  languageName: node
  linkType: hard

"http-proxy-agent@npm:^5.0.0":
  version: 5.0.0
  resolution: "http-proxy-agent@npm:5.0.0"
  dependencies:
    "@tootallnate/once": "npm:2"
    agent-base: "npm:6"
    debug: "npm:4"
  checksum: b59a9b4bdd7c1d3450956a2974cb7b685517c758853a873064a536f5a831879ac92a28c717f69eb60ff3c924b262cb5aaf80cf62f5c2c24d1129d2b8dadf1e7c
  languageName: node
  linkType: hard

"https-proxy-agent@npm:^5.0.0":
  version: 5.0.1
  resolution: "https-proxy-agent@npm:5.0.1"
  dependencies:
    agent-base: "npm:6"
    debug: "npm:4"
  checksum: 8e767faec977400c31bca2ef0f5338b843b781b63fd985c00d199adac2d6c8a5ecc6e553588a6821a058198960f167a3c83f014bd64bef9a15b176d992d29dfe
  languageName: node
  linkType: hard

"humanize-ms@npm:^1.2.1":
  version: 1.2.1
  resolution: "humanize-ms@npm:1.2.1"
  dependencies:
    ms: "npm:^2.0.0"
  checksum: fded981fd3b507fe78f7ce505c3f060e3b53cb2155d279d794a6bddb451bb1c7f865f4ca495dc0bae695ad0c182fd5be3a581b51ba30770e6adfda960bca0e68
  languageName: node
  linkType: hard

"iconv-lite@npm:^0.6.2":
  version: 0.6.3
  resolution: "iconv-lite@npm:0.6.3"
  dependencies:
    safer-buffer: "npm:>= 2.1.2 < 3.0.0"
  checksum: 14633c984e398011b4cce3d453e6566e4cc1b58f257e6fc48ae39c25a158b926e6cd7ee6023cd84aff12952a7581bd10bd4e7954af802dd5678e83b4cb8fdbba
  languageName: node
  linkType: hard

"ignore-by-default@npm:^1.0.1":
  version: 1.0.1
  resolution: "ignore-by-default@npm:1.0.1"
  checksum: a243c7acff1f7233ac437acc67a13e1757dd1ea7092c1b8e30585844d8fac4d672a0c257dcffd8ef8fe100cfe030580f8c3ec72ddb8064753fcfa3633da8a80a
  languageName: node
  linkType: hard

"imurmurhash@npm:^0.1.4":
  version: 0.1.4
  resolution: "imurmurhash@npm:0.1.4"
  checksum: 6e2473e6083063b9f5f21a9586794b3af5b3f87995bcf60cb64f3824a7323c2ae41b4eaf3d7446e20fb66b5f3410094246aa3c52db7585270c8b10f762b8ffa1
  languageName: node
  linkType: hard

"indent-string@npm:^4.0.0":
  version: 4.0.0
  resolution: "indent-string@npm:4.0.0"
  checksum: f4ab9e229c120377a63fce905062e5fdf1c300ca01b72401dda5aa991e8f614fdb2f99fe7cc37ef3234413da4ab43d5a4f905356fdffb9d078e83806d274719c
  languageName: node
  linkType: hard

"infer-owner@npm:^1.0.4":
  version: 1.0.4
  resolution: "infer-owner@npm:1.0.4"
  checksum: 2020f6d0322e7910ce841134a303c69857e456531d8cd01e336f6eea18122d1085b93ebde961745e5f278233f7f8a3d8b60b9276c8dbd3f49c4c352582ec9504
  languageName: node
  linkType: hard

"inflight@npm:^1.0.4":
  version: 1.0.6
  resolution: "inflight@npm:1.0.6"
  dependencies:
    once: "npm:^1.3.0"
    wrappy: "npm:1"
  checksum: 40d0e5db34e05d49b9ad9ac678334269745644f73206862a8dee6e50ada1c8b3e70774ce28d5e6e3b03b7b868c9d9ae1edaf6eff253fc50209e4c69decad1811
  languageName: node
  linkType: hard

"inherits@npm:2, inherits@npm:^2.0.3":
  version: 2.0.4
  resolution: "inherits@npm:2.0.4"
  checksum: ca76c7e45ec715bfe6c1dd67b780b9a15068f37b37ab56cf8b773537b2654238469a42950f5f4d301212755e7512be888f627752e778e1863d95cfedefc8b8bd
  languageName: node
  linkType: hard

"ip@npm:^2.0.0":
  version: 2.0.0
  resolution: "ip@npm:2.0.0"
  checksum: 42a7cf251b844d98a4c3373d06997b991cd1a7f8a5d43bcf2b4f610517d39c5504f6eb3e73e77f5c1453ac766690e82dab28a8a05a49a6fd7d4a40fad93640e9
  languageName: node
  linkType: hard

"is-binary-path@npm:~2.1.0":
  version: 2.1.0
  resolution: "is-binary-path@npm:2.1.0"
  dependencies:
    binary-extensions: "npm:^2.0.0"
  checksum: f6ed933392b85facdc081bbe3539602ac70cf35fe5d3d7e02da0b9c4bc65fa673d815142f16bf6253de84a561332a680382be1ade1406c89c9102832a571620f
  languageName: node
  linkType: hard

"is-extglob@npm:^2.1.1":
  version: 2.1.1
  resolution: "is-extglob@npm:2.1.1"
  checksum: 226b9f6eee1e7da52f72c98ed4ea7fc71ee3a087b6d1c62655c9a81c601caa2fd98b9f9be42fb8163eef2720cdbf046bc7c5548a76755651e540f4b08ff3b120
  languageName: node
  linkType: hard

"is-fullwidth-code-point@npm:^3.0.0":
  version: 3.0.0
  resolution: "is-fullwidth-code-point@npm:3.0.0"
  checksum: c06b5792b82dcdedb41858cdb07ca4ae5b9a853ad65c91529533221f384d751bedd8ad8db5a527cb219fd989c32a0faa0833312b6a190fe597acdd23165ef724
  languageName: node
  linkType: hard

"is-glob@npm:^4.0.1, is-glob@npm:~4.0.1":
  version: 4.0.3
  resolution: "is-glob@npm:4.0.3"
  dependencies:
    is-extglob: "npm:^2.1.1"
  checksum: 0b2f6c06162a1d6c764b2f1cf0f2617b6e0cb1e8125c0e3b7e838a3e06caac81268ab3c0a4699052df59229c99e8a1dd0217b30476d7643a37fa17a49f1b50af
  languageName: node
  linkType: hard

"is-lambda@npm:^1.0.1":
  version: 1.0.1
  resolution: "is-lambda@npm:1.0.1"
  checksum: 8e761e558bf60bd3682648e6ecb6333e9ad9c5a6fef2a9ca879deef1a40478e5f7e18999fc3630ef8b879cf00bc0248ffa5616aa4251917a7f87f066841310aa
  languageName: node
  linkType: hard

"is-number@npm:^7.0.0":
  version: 7.0.0
  resolution: "is-number@npm:7.0.0"
  checksum: 748df55ae14cc960b090a7611932940df9fa703b7e0fb4f73943b4eb94c4b5391f27ba3881fab8f5bf7a2f097490e812db0d58d05c92154e70fdf14f93d6fa95
  languageName: node
  linkType: hard

"isexe@npm:^2.0.0":
  version: 2.0.0
  resolution: "isexe@npm:2.0.0"
  checksum: b37fe0a7983c0c151c7b31ca716405aaea190ac9cd6ef3f79355f4afb043ed4d3182a6addd73b20df7a0b229269737ad0daf64116821a048bfbe6b8fb7eb842c
  languageName: node
  linkType: hard

"lru-cache@npm:^6.0.0":
  version: 6.0.0
  resolution: "lru-cache@npm:6.0.0"
  dependencies:
    yallist: "npm:^4.0.0"
  checksum: b2d72088dd27df27189607554990b0fd31d3fbd4037df909ef66f48a14122baf8ffce7f33edc17e6543ea7cd71fa561136518355dde2ad57676fa0b2ea53b85f
  languageName: node
  linkType: hard

"lru-cache@npm:^7.7.1":
  version: 7.14.0
  resolution: "lru-cache@npm:7.14.0"
  checksum: b89c39d5be85787a08070503d74b961952382977a36594dbcc98dc03d71724c3e9864dffd960fb0b3b64de7161edf229d0be40498ba111f9bb75df0bc2b7c00c
  languageName: node
  linkType: hard

"make-fetch-happen@npm:^10.0.3":
  version: 10.2.1
  resolution: "make-fetch-happen@npm:10.2.1"
  dependencies:
    agentkeepalive: "npm:^4.2.1"
    cacache: "npm:^16.1.0"
    http-cache-semantics: "npm:^4.1.0"
    http-proxy-agent: "npm:^5.0.0"
    https-proxy-agent: "npm:^5.0.0"
    is-lambda: "npm:^1.0.1"
    lru-cache: "npm:^7.7.1"
    minipass: "npm:^3.1.6"
    minipass-collect: "npm:^1.0.2"
    minipass-fetch: "npm:^2.0.3"
    minipass-flush: "npm:^1.0.5"
    minipass-pipeline: "npm:^1.2.4"
    negotiator: "npm:^0.6.3"
    promise-retry: "npm:^2.0.1"
    socks-proxy-agent: "npm:^7.0.0"
    ssri: "npm:^9.0.0"
  checksum: cf0d4b94fb0b022d41373fe7ce0f2a170a7c2668c7404f985c4fa6fe465c24cc3d1a6a84e0a6d4b2cd60cf7d41ec26cc5205d258e15f06c33179c14a31a5e4bd
  languageName: node
  linkType: hard

"minimatch@npm:^3.1.1, minimatch@npm:^3.1.2":
  version: 3.1.2
  resolution: "minimatch@npm:3.1.2"
  dependencies:
    brace-expansion: "npm:^1.1.7"
  checksum: 97f5615ee8f7c0019277dadef7b2b81e5c60d369cb3155cbfb9da72688aef2edb652b105353ff08a6575ae95a6189d1c09a0829b9c254f60849148457c4d8a66
  languageName: node
  linkType: hard

"minimatch@npm:^5.0.1":
  version: 5.1.0
  resolution: "minimatch@npm:5.1.0"
  dependencies:
    brace-expansion: "npm:^2.0.1"
  checksum: cf8124b47d19be2d6a4b2cab80114999239ab6a01062e2f0abe666b779de120b6f85ed9a73e3a27b61fa088fb45957929a8fcc727bd20de829d3e4e659ad01ff
  languageName: node
  linkType: hard

"minipass-collect@npm:^1.0.2":
  version: 1.0.2
  resolution: "minipass-collect@npm:1.0.2"
  dependencies:
    minipass: "npm:^3.0.0"
  checksum: 4d608e8a292ec87dd1a7d881c314effe341a7d7f52eb416270a243f8ea7f4e23b40b2785f5ce9c6c7841e1453841019efd5db05b427288b897c96f62afbc1f17
  languageName: node
  linkType: hard

"minipass-fetch@npm:^2.0.3":
  version: 2.1.2
  resolution: "minipass-fetch@npm:2.1.2"
  dependencies:
    encoding: "npm:^0.1.13"
    minipass: "npm:^3.1.6"
    minipass-sized: "npm:^1.0.3"
    minizlib: "npm:^2.1.2"
  dependenciesMeta:
    encoding:
      optional: true
  checksum: 8ec17c0895d8890b863bbdf860e25bc2f81580c0bbc2cfc05d220f8b5bc255203ee1931f54821e299fd1d5a53d63bfaca20a813a2f45e881423d096c24940366
  languageName: node
  linkType: hard

"minipass-flush@npm:^1.0.5":
  version: 1.0.5
  resolution: "minipass-flush@npm:1.0.5"
  dependencies:
    minipass: "npm:^3.0.0"
  checksum: 6e851bd0640e5406633b0aa77e889d4175eb3d12b55173e999e6dd1fc06ed13982277e012d6f41dc28a2167278d9480697893f6cd286c46c10fdfd735e05d45d
  languageName: node
  linkType: hard

"minipass-pipeline@npm:^1.2.4":
  version: 1.2.4
  resolution: "minipass-pipeline@npm:1.2.4"
  dependencies:
    minipass: "npm:^3.0.0"
  checksum: 07dd09bf3c6f546ef407e7a36bca4cd2235d54695c083dc5815052e36cbdd46e55a7c0dae2801983c73257adc7aa613e375c8350587bc50a6a10e1a6b55f9965
  languageName: node
  linkType: hard

"minipass-sized@npm:^1.0.3":
  version: 1.0.3
  resolution: "minipass-sized@npm:1.0.3"
  dependencies:
    minipass: "npm:^3.0.0"
  checksum: 54591ac7e54571e91df602e3c1018f4048ee12a3407dfab8140e0b03cb149c16ae67e94d36682c0869a683b8443470e354dba123ea83914c87ff22d8d8628fea
  languageName: node
  linkType: hard

"minipass@npm:^3.0.0, minipass@npm:^3.1.1, minipass@npm:^3.1.6":
  version: 3.3.5
  resolution: "minipass@npm:3.3.5"
  dependencies:
    yallist: "npm:^4.0.0"
  checksum: 54b7be3d5d111832afcb7cc2bcb9e1bd21c3701731d1cd6dd91d673b7658f0c01bd52887764cf08f5dafe9a94abd7ce8fc800a2afe2bc19207bd83daac5ee052
  languageName: node
  linkType: hard

"minizlib@npm:^2.1.1, minizlib@npm:^2.1.2":
  version: 2.1.2
  resolution: "minizlib@npm:2.1.2"
  dependencies:
    minipass: "npm:^3.0.0"
    yallist: "npm:^4.0.0"
  checksum: c0071edb242d6808652840614193316e82d012b79ff1997352de3df1c19b7580d3d4790c462c8506b1f4225f08162ebba88ebceb1529d168304b06b23757e88d
  languageName: node
  linkType: hard

"mkdirp@npm:^1.0.3, mkdirp@npm:^1.0.4":
  version: 1.0.4
  resolution: "mkdirp@npm:1.0.4"
  bin:
    mkdirp: bin/cmd.js
  checksum: 123361119829ab8115234f36ed8ef8f697b0f6f83ec9f9bc8f76da587487976d74bc874ffa892e7a66df607fa8f2cc758eed8db225e9cd3a84846350209e53db
  languageName: node
  linkType: hard

"ms@npm:2.1.2":
  version: 2.1.2
  resolution: "ms@npm:2.1.2"
  checksum: 3f46af60a08158f1c77746c06c2f6c7aba7feddafd41335f9baa2d7e0741d7539774aa7d5d1661a7f2b7eed55a7063771297eea016051924dbb04d4c2bf40bcb
  languageName: node
  linkType: hard

"ms@npm:^2.0.0, ms@npm:^2.1.1":
  version: 2.1.3
  resolution: "ms@npm:2.1.3"
  checksum: 78c12f6b473a022ebacc393fc14b76fe40b8feda7218124b86c4684e440e10377a063bec1d3902df1f74714f02b74b36ad7d3a6de9e2fbffa26fc29e5ce018fc
  languageName: node
  linkType: hard

"negotiator@npm:^0.6.3":
  version: 0.6.3
  resolution: "negotiator@npm:0.6.3"
  checksum: d8e3b42d99638b1f363ce114c98e6906ade395c230058e50644417bd398b01381133dbca4bc49f30f6b1c93254e4b5a2d50cc47adcdabf2a8476b6f16311ad5d
  languageName: node
  linkType: hard

"node-gyp@npm:latest":
  version: 9.3.0
  resolution: "node-gyp@npm:9.3.0"
  dependencies:
    env-paths: "npm:^2.2.0"
    glob: "npm:^7.1.4"
    graceful-fs: "npm:^4.2.6"
    make-fetch-happen: "npm:^10.0.3"
    nopt: "npm:^6.0.0"
    npmlog: "npm:^6.0.0"
    rimraf: "npm:^3.0.2"
    semver: "npm:^7.3.5"
    tar: "npm:^6.1.2"
    which: "npm:^2.0.2"
  bin:
    node-gyp: bin/node-gyp.js
  checksum: 986e171f91cedd913800b4f272f9c22258a15bc8f44d2426630dc68d98281614004d4da1a8aec7a70a6171056425a95828cd68d8433b89d0e16ed973507ecccf
  languageName: node
  linkType: hard

"nodemon@npm:^2.0.20":
  version: 2.0.20
  resolution: "nodemon@npm:2.0.20"
  dependencies:
    chokidar: "npm:^3.5.2"
    debug: "npm:^3.2.7"
    ignore-by-default: "npm:^1.0.1"
    minimatch: "npm:^3.1.2"
    pstree.remy: "npm:^1.1.8"
    semver: "npm:^5.7.1"
    simple-update-notifier: "npm:^1.0.7"
    supports-color: "npm:^5.5.0"
    touch: "npm:^3.1.0"
    undefsafe: "npm:^2.0.5"
  bin:
    nodemon: bin/nodemon.js
  checksum: 49aaba39d908a24b7b31c6b8ba81c86763ae2606f21b368af7f79bef5211759d7102a527bb34f2c94196f325d91e6327d3dfc045b470f851ac0053a3901c5382
  languageName: node
  linkType: hard

"nopt@npm:^6.0.0":
  version: 6.0.0
  resolution: "nopt@npm:6.0.0"
  dependencies:
    abbrev: "npm:^1.0.0"
  bin:
    nopt: bin/nopt.js
  checksum: 6ae5c083c5b205d0850f3b00c093cb0b1d4fb28fb69c68c3f933048e666695b1f218db6a4a7f61a4bae2f127268f526a7f2764223208e4dd527c51c56c49a5c7
  languageName: node
  linkType: hard

"nopt@npm:~1.0.10":
  version: 1.0.10
  resolution: "nopt@npm:1.0.10"
  dependencies:
    abbrev: "npm:1"
  bin:
    nopt: ./bin/nopt.js
  checksum: efa5a9c2c167b6c4e399fcefab89d573a580e33a604a04800093e4e0a7c477828c0d8d2f07f6af48c81e270f09d67bb530307239b2b10824fabf2f535b4dee75
  languageName: node
  linkType: hard

"normalize-path@npm:^3.0.0, normalize-path@npm:~3.0.0":
  version: 3.0.0
  resolution: "normalize-path@npm:3.0.0"
  checksum: 66de83885051c8a7266566cb175281ec583e3d66b5054c744b46a0eebc4eaac1e1d74c640aaf72144086a9661aa60e89ac0b5c92eb76608e5b8a5056dbcf9e27
  languageName: node
  linkType: hard

"npmlog@npm:^6.0.0":
  version: 6.0.2
  resolution: "npmlog@npm:6.0.2"
  dependencies:
    are-we-there-yet: "npm:^3.0.0"
    console-control-strings: "npm:^1.1.0"
    gauge: "npm:^4.0.3"
    set-blocking: "npm:^2.0.0"
  checksum: c04307b2991f128df6f3bb71c36fa56a65397f56f02a565ed269786ecd5609818e6cae36de3371555e52fdf049a5649a3591ac3bb432a2a0146d67093c4be93c
  languageName: node
  linkType: hard

"once@npm:^1.3.0":
  version: 1.4.0
  resolution: "once@npm:1.4.0"
  dependencies:
    wrappy: "npm:1"
  checksum: 12d5c6ece331855387577e71c96ab5b60269390b131cf9403494206274fa520221c88f8b8d431d7227d080127730460da8907c402ab4142e592c34aacb5c9817
  languageName: node
  linkType: hard

"p-map@npm:^4.0.0":
  version: 4.0.0
  resolution: "p-map@npm:4.0.0"
  dependencies:
    aggregate-error: "npm:^3.0.0"
  checksum: 619df8954fe81933903bc760e9884d85540ef7e8f6c24c4e28e2c8f0ad14d480bb7d4541787eee2e2d61aa0fae8b54abc42f7afc35db457884e589386e78a922
  languageName: node
  linkType: hard

"path-is-absolute@npm:^1.0.0":
  version: 1.0.1
  resolution: "path-is-absolute@npm:1.0.1"
  checksum: 6bb8fef4324c3f744e5d216980aa053095e1fc533d40fa47f9c1adc16be7fa52d3c4858370c7685406c32ab143a4dca0798f2e2c0f57d7937af66d8dd79267f6
  languageName: node
  linkType: hard

"picomatch@npm:^2.0.4, picomatch@npm:^2.2.1":
  version: 2.3.1
  resolution: "picomatch@npm:2.3.1"
  checksum: 6ba5938c24af2c5918e94b39aa0ad48d71f2c30634de69d46e0bd32feb666de4e909406db6ffb78f98d39ef450d6a41b6fa3954dc3659d7b2b750766c1261e5e
  languageName: node
  linkType: hard

"promise-inflight@npm:^1.0.1":
  version: 1.0.1
  resolution: "promise-inflight@npm:1.0.1"
  checksum: 7671022d3ea7e40e29ee941d30df819ed2a81a3d22b1175ed8c1bd83af542ea94ca47b50bea54634b12f7b1837fcd7dd5bcc7720910befa0076d12582ee56c93
  languageName: node
  linkType: hard

"promise-retry@npm:^2.0.1":
  version: 2.0.1
  resolution: "promise-retry@npm:2.0.1"
  dependencies:
    err-code: "npm:^2.0.2"
    retry: "npm:^0.12.0"
  checksum: cbff149b3327554f3613196ca300a77aefac289624148c37e5c9236242931691a4ba0a76fd1c6171e6a3e6a2b1edfa2acdf122004857e6f3e3efd1be29df6cd2
  languageName: node
  linkType: hard

"pstree.remy@npm:^1.1.8":
  version: 1.1.8
  resolution: "pstree.remy@npm:1.1.8"
  checksum: f144e436fd0b93837fffe2ca0f8638788188a5aca8973996e2f9bb76c70ac0218796e4f5da00a7a64d0715d1df837416d6766ec93f5b24147e71738858a4afd7
  languageName: node
  linkType: hard

"readable-stream@npm:^3.6.0":
  version: 3.6.0
  resolution: "readable-stream@npm:3.6.0"
  dependencies:
    inherits: "npm:^2.0.3"
    string_decoder: "npm:^1.1.1"
    util-deprecate: "npm:^1.0.1"
  checksum: bda7b24d3910bf0ec4a1df3c540e1b97b1ed3ca49ea0ddc0d2c6bf29d3997251a7244608de1d842555641d1c115d9b3566167fef9225ee6ef147c9e6a539395b
  languageName: node
  linkType: hard

"readdirp@npm:~3.6.0":
  version: 3.6.0
  resolution: "readdirp@npm:3.6.0"
  dependencies:
    picomatch: "npm:^2.2.1"
  checksum: 9dea77bef6b47b7c7553da4b5f30606449b49cf2aa043de23e22bee909c2d26c97630b8f8fa43775e318731c5a208d2063a10d3c788a3b0e1a9e32c5ab5fe790
  languageName: node
  linkType: hard

"retry@npm:^0.12.0":
  version: 0.12.0
  resolution: "retry@npm:0.12.0"
  checksum: 1c3616bdf89aa6f887bcca2b86603c255f4b497577f6a54f33262f4f314b8516d65e251f717b45e2a5ec234359999015a9e2263b38467544188210327e638ac3
  languageName: node
  linkType: hard

"rimraf@npm:^3.0.2":
  version: 3.0.2
  resolution: "rimraf@npm:3.0.2"
  dependencies:
    glob: "npm:^7.1.3"
  bin:
    rimraf: bin.js
  checksum: b786c9ad52df9fbcd9c7120e105f3150b83b39dd87d9235a93b0c7e806575e1e68936504ff64563dbe67b3f8bbbc00bdfff586157d402ee8990e7143456511c0
  languageName: node
  linkType: hard

"safe-buffer@npm:~5.2.0":
  version: 5.2.1
  resolution: "safe-buffer@npm:5.2.1"
  checksum: da8a21b3336a21c152eb3ba8ab41acde5772644f026d4b6e5f9fd8afa4f0cf407c113b19a362580fab9aea8beea295465432fc7684f9ff38aac559bb1b5528cd
  languageName: node
  linkType: hard

"safer-buffer@npm:>= 2.1.2 < 3.0.0":
  version: 2.1.2
  resolution: "safer-buffer@npm:2.1.2"
  checksum: d4199666e9e792968c0b88c2c35dd400f56d3eecb9affbcf5207922822eadf30cc06995bae3c5d0a653851bbd40fc0af578bf046bbf734199ce22433ba4da659
  languageName: node
  linkType: hard

"semver@npm:^5.7.1":
  version: 5.7.1
  resolution: "semver@npm:5.7.1"
  bin:
    semver: ./bin/semver
  checksum: e1d12140b695aeb8917978d134ff3f8fee33489a5eaf6b217111ab0b14cbf45f36753d510db4dfbdc5a6f304e053ff1a4995c5498e9734ad9bf98182e4f39704
  languageName: node
  linkType: hard

"semver@npm:^7.3.5":
  version: 7.3.8
  resolution: "semver@npm:7.3.8"
  dependencies:
    lru-cache: "npm:^6.0.0"
  bin:
    semver: bin/semver.js
  checksum: 94ad80ee14889020cb4a14d809fb99d16cbf4ff3dc7f4c564fc72efe2c5763a60090a1c16a9fd18ceeb1e993a1303a4d870c0a22f26adaf435b368b46a7d8462
  languageName: node
  linkType: hard

"semver@npm:~7.0.0":
  version: 7.0.0
  resolution: "semver@npm:7.0.0"
  bin:
    semver: bin/semver.js
  checksum: c0b7fdd720c6ee955cd71172ef8d63f41976d70049f02aa7569edff0ab89846ee035e39c82f3733fd2af3285f6ca6e14c3778e8de84cd8ea6ec1a33c68bf072a
  languageName: node
  linkType: hard

"set-blocking@npm:^2.0.0":
  version: 2.0.0
  resolution: "set-blocking@npm:2.0.0"
  checksum: 9e8f5aeb7cd850a60b5dbf47d42051137c14f58f375d9a70ca227b797d6ffed3dabf659587d2f183231085f1da2dc3067e2af9f5fcd66fb65c98da5fb54a22fb
  languageName: node
  linkType: hard

"signal-exit@npm:^3.0.7":
  version: 3.0.7
  resolution: "signal-exit@npm:3.0.7"
  checksum: 5cf7525c55a72d8d104d914acf2e470f74b2c156197277ad7b331bc5de3d8790170fed3c82ff98c7c31adaa8ff941bfd5ba44f55171cbe8ed0e939fa82a8322a
  languageName: node
  linkType: hard

"simple-update-notifier@npm:^1.0.7":
  version: 1.0.7
  resolution: "simple-update-notifier@npm:1.0.7"
  dependencies:
    semver: "npm:~7.0.0"
  checksum: 7c7053ecefbe2f8ba88af5522e59266de309edf0861320f889ae38676353b52b3e9d15f6e99867fa696eb6e2734d563ae0a910e0e8577c68411a34e969338b16
  languageName: node
  linkType: hard

"smart-buffer@npm:^4.2.0":
  version: 4.2.0
  resolution: "smart-buffer@npm:4.2.0"
  checksum: 898a5ce4651108164625916aa54b6f7c13e86279a31dd321737d27c4b795cfaaeb1c30417f8809029d80d20710d8a5045998afd35e0f1080b32648f5670aa99b
  languageName: node
  linkType: hard

"socks-proxy-agent@npm:^7.0.0":
  version: 7.0.0
  resolution: "socks-proxy-agent@npm:7.0.0"
  dependencies:
    agent-base: "npm:^6.0.2"
    debug: "npm:^4.3.3"
    socks: "npm:^2.6.2"
  checksum: d57c2c68a2c16a2ac0af30971e1c4899e80cab3bbe405fe2fa3fce26ccd007fe855110b97c0e6d96ddc56926e1e5927a868070cb09185a768d1ad8cbe1a68aa5
  languageName: node
  linkType: hard

"socks@npm:^2.6.2":
  version: 2.7.1
  resolution: "socks@npm:2.7.1"
  dependencies:
    ip: "npm:^2.0.0"
    smart-buffer: "npm:^4.2.0"
  checksum: a8026d6abfcd168a661240848f6989fbba66276e8fa97ff1cb1079c2f3c6907dcc8284fcbc4f6d3fee8d071afb4fc8313da7e5fbf6d8768f206347a671f1542b
  languageName: node
  linkType: hard

"ssri@npm:^9.0.0":
  version: 9.0.1
  resolution: "ssri@npm:9.0.1"
  dependencies:
    minipass: "npm:^3.1.1"
  checksum: ec9e6fbb74ccb030391fc33aa1a8373014f1cdde570e389cf25f201604d6889035fc8b4409a6e8e787d75ddad892839c0e5a4ea6b67e7ab91f3c619e5e6e087a
  languageName: node
  linkType: hard

"string-width@npm:^1.0.2 || 2 || 3 || 4, string-width@npm:^4.2.3":
  version: 4.2.3
  resolution: "string-width@npm:4.2.3"
  dependencies:
    emoji-regex: "npm:^8.0.0"
    is-fullwidth-code-point: "npm:^3.0.0"
    strip-ansi: "npm:^6.0.1"
  checksum: aa0f3e082b461e0dc8c54334ef2c748b777e7529c34d348ee16e69690da45e24f223804d94060633126462e2aa4906d6fbfab882f34036a9f4ccd3dbcd2d6931
  languageName: node
  linkType: hard

"string_decoder@npm:^1.1.1":
  version: 1.3.0
  resolution: "string_decoder@npm:1.3.0"
  dependencies:
    safe-buffer: "npm:~5.2.0"
  checksum: c6b892bdb15861a68c4f9599bdff3909c70b1a2cee73d226a235b8fbadfc0aa060bdd265cb3fd86e856cee6d98cd0d657f84098cb51241f4fae19d0cacf9e13e
  languageName: node
  linkType: hard

"strip-ansi@npm:^6.0.1":
  version: 6.0.1
  resolution: "strip-ansi@npm:6.0.1"
  dependencies:
    ansi-regex: "npm:^5.0.1"
  checksum: 056ca08f8097351060572eee207ec66247937d7248780a3d643b5eed7d6b5ca6a0990a4f921ffd329e8e9b66427a384237892ac3cb47463adf7d040b154084ec
  languageName: node
  linkType: hard

"supports-color@npm:^5.5.0":
  version: 5.5.0
  resolution: "supports-color@npm:5.5.0"
  dependencies:
    has-flag: "npm:^3.0.0"
  checksum: 2eca8c4c8fccd2bd0027af240f85e99b1c9cb221186288dd478ce0fc61bdc07394e47f1bba2c91fe3ae432764772e3639e9c48bef19817267f151ae4a9b9ebef
  languageName: node
  linkType: hard

"tar@npm:^6.1.11, tar@npm:^6.1.2":
  version: 6.1.11
  resolution: "tar@npm:6.1.11"
  dependencies:
    chownr: "npm:^2.0.0"
    fs-minipass: "npm:^2.0.0"
    minipass: "npm:^3.0.0"
    minizlib: "npm:^2.1.1"
    mkdirp: "npm:^1.0.3"
    yallist: "npm:^4.0.0"
  checksum: 5499de6e1998ca602c327f3359d085f6ab41e63a0ce530fb15de13089d3795262b6dfb7731989b7e1d0289a76658d715d8e1239fc06f70ae49349205e3a5fbcc
  languageName: node
  linkType: hard

"to-regex-range@npm:^5.0.1":
  version: 5.0.1
  resolution: "to-regex-range@npm:5.0.1"
  dependencies:
    is-number: "npm:^7.0.0"
  checksum: 16564897c76bbd25bd3c375ee8d4b1fd3ac965fc4ab550ff034a1dddb53816ec06dc27095468394ad4de5978d5e831a9d1ae4cb31080dc4ebd9ba80a47dc1a4f
  languageName: node
  linkType: hard

"touch@npm:^3.1.0":
  version: 3.1.0
  resolution: "touch@npm:3.1.0"
  dependencies:
    nopt: "npm:~1.0.10"
  bin:
    nodetouch: ./bin/nodetouch.js
  checksum: 21657a0e9ed8de9263090dfcc261e652cf36fa9dda56e257897eb9d4afc973a13b9df6a62fb797a9afde3f47adb0a1c2174c02e0a54245fe9cff0a1ef5631dad
  languageName: node
  linkType: hard

"tslib@npm:^2.4.0":
  version: 2.4.0
  resolution: "tslib@npm:2.4.0"
  checksum: 022a70708abbc3491734959effd9a87e6e0af5932b61d0c9f1d07b8b80cabbbfc9fc9e9c0fe86e5ab2d32d766ae30117edf00b02d170ff255ab7e60361a4b711
  languageName: node
  linkType: hard

"undefsafe@npm:^2.0.5":
  version: 2.0.5
  resolution: "undefsafe@npm:2.0.5"
  checksum: ae6c8e9192b85698bbdc7f1e2127c13b9fc6344b6d51ccd13ea98b349e8f36d9fef3f13125a50fa135d3dc14d6bd190b566f0cc515f89a76e36a6d05d5d724b6
  languageName: node
  linkType: hard

"unique-filename@npm:^2.0.0":
  version: 2.0.1
  resolution: "unique-filename@npm:2.0.1"
  dependencies:
    unique-slug: "npm:^3.0.0"
  checksum: 1efaebd1b9df4770537f73b040adc8ef2b7da29b837388d97d6d78a4a739dc67bc491e45d381a377bc80ee838e7e1dc904193b3e73cd6c117d96f92b3a09ed46
  languageName: node
  linkType: hard

"unique-slug@npm:^3.0.0":
  version: 3.0.0
  resolution: "unique-slug@npm:3.0.0"
  dependencies:
    imurmurhash: "npm:^0.1.4"
  checksum: ae31bb1d8126400e512385ec239b3ca40f6a8790af9d6dedb0842b340b3ecc0a7de413ff270f3ea3dae1565c6f745ab6e28363387cd32ecddbe0fc72ee247303
  languageName: node
  linkType: hard

"util-deprecate@npm:^1.0.1":
  version: 1.0.2
  resolution: "util-deprecate@npm:1.0.2"
  checksum: 6a88ed8344d07f2324b304ee36def365d967953b5a9c15baa3213eb3909e86a7da1ee70a4c2133e80c23d6c1987590e9c3c57d874e20a124f9e41620b462fa57
  languageName: node
  linkType: hard

"which@npm:^2.0.2":
  version: 2.0.2
  resolution: "which@npm:2.0.2"
  dependencies:
    isexe: "npm:^2.0.0"
  bin:
    node-which: ./bin/node-which
  checksum: 3728616c789b289c36ba2572887145e0736f06fe3435b8fef17e27eb5ec0696f61a21e356dd7fa58486346e57186863afa1b6c27c7665f7e674c8124f7f61157
  languageName: node
  linkType: hard

"wide-align@npm:^1.1.5":
  version: 1.1.5
  resolution: "wide-align@npm:1.1.5"
  dependencies:
    string-width: "npm:^1.0.2 || 2 || 3 || 4"
  checksum: 39915f81cdc6cee1f54bfd7672619cc6d0bd558089f968ea7831324cd4b5ed00e78e710a64f05e5d75ed7880e45eef97295907f68d5aabb9d2899436c917b275
  languageName: node
  linkType: hard

"wrappy@npm:1":
  version: 1.0.2
  resolution: "wrappy@npm:1.0.2"
  checksum: 37d243a577dfeee20586eae1e3208dfb4e4cea1211a2a4116a19b50d91e619ff3dbc5ec934e28ca9baaa11a65df826c8d65c5fd1bb81f0ce0dadb469d47061c2
  languageName: node
  linkType: hard

"yallist@npm:^4.0.0":
  version: 4.0.0
  resolution: "yallist@npm:4.0.0"
  checksum: cd7fe32508c6942d8b979278fbe13846fe88cd6840d78043d08c6b2c74d67ce38b58bd21618dca8a4e132dcc025fc0e66a7d87ca10cf6ed338465607ebff4378
  languageName: node
  linkType: hard

"yarn-plugin-yarnpnp2nix@workspace:.":
  version: 0.0.0-use.local
  resolution: "yarn-plugin-yarnpnp2nix@workspace:."
  dependencies:
    "@yarnpkg/pnp": ./yarnpkg-pnp.tgz
    esbuild: "npm:^0.15.10"
    nodemon: "npm:^2.0.20"
  languageName: unknown
  linkType: soft
