# This file is generated by running "yarn install" inside your project.
# Manual changes might be lost - proceed with caution!

__metadata:
  version: 7
  cacheKey: 9

"@esbuild/android-arm@npm:0.15.10":
  version: 0.15.10
  resolution: "@esbuild/android-arm@npm:0.15.10"
  conditions: os=android & cpu=arm
  languageName: node
  linkType: hard

"@esbuild/linux-loong64@npm:0.15.10":
  version: 0.15.10
  resolution: "@esbuild/linux-loong64@npm:0.15.10"
  conditions: os=linux & cpu=loong64
  languageName: node
  linkType: hard

"@next/env@npm:12.3.1":
  version: 12.3.1
  resolution: "@next/env@npm:12.3.1"
  checksum: ce9077f16b8cbc92058af4251f66ffee9d7372de6c3d81d421134ea12b1ab024b52cabf8c97d388e126997e94de7e406ec4ab55745a933410ccb9dbd3aafa93e
  languageName: node
  linkType: hard

"@next/swc-android-arm-eabi@npm:12.3.1":
  version: 12.3.1
  resolution: "@next/swc-android-arm-eabi@npm:12.3.1"
  conditions: os=android & cpu=arm
  languageName: node
  linkType: hard

"@next/swc-android-arm64@npm:12.3.1":
  version: 12.3.1
  resolution: "@next/swc-android-arm64@npm:12.3.1"
  conditions: os=android & cpu=arm64
  languageName: node
  linkType: hard

"@next/swc-darwin-arm64@npm:12.3.1":
  version: 12.3.1
  resolution: "@next/swc-darwin-arm64@npm:12.3.1"
  conditions: os=darwin & cpu=arm64
  languageName: node
  linkType: hard

"@next/swc-darwin-x64@npm:12.3.1":
  version: 12.3.1
  resolution: "@next/swc-darwin-x64@npm:12.3.1"
  conditions: os=darwin & cpu=x64
  languageName: node
  linkType: hard

"@next/swc-freebsd-x64@npm:12.3.1":
  version: 12.3.1
  resolution: "@next/swc-freebsd-x64@npm:12.3.1"
  conditions: os=freebsd & cpu=x64
  languageName: node
  linkType: hard

"@next/swc-linux-arm-gnueabihf@npm:12.3.1":
  version: 12.3.1
  resolution: "@next/swc-linux-arm-gnueabihf@npm:12.3.1"
  conditions: os=linux & cpu=arm
  languageName: node
  linkType: hard

"@next/swc-linux-arm64-gnu@npm:12.3.1":
  version: 12.3.1
  resolution: "@next/swc-linux-arm64-gnu@npm:12.3.1"
  conditions: os=linux & cpu=arm64 & libc=glibc
  languageName: node
  linkType: hard

"@next/swc-linux-arm64-musl@npm:12.3.1":
  version: 12.3.1
  resolution: "@next/swc-linux-arm64-musl@npm:12.3.1"
  conditions: os=linux & cpu=arm64 & libc=musl
  languageName: node
  linkType: hard

"@next/swc-linux-x64-gnu@npm:12.3.1":
  version: 12.3.1
  resolution: "@next/swc-linux-x64-gnu@npm:12.3.1"
  conditions: os=linux & cpu=x64 & libc=glibc
  languageName: node
  linkType: hard

"@next/swc-linux-x64-musl@npm:12.3.1":
  version: 12.3.1
  resolution: "@next/swc-linux-x64-musl@npm:12.3.1"
  conditions: os=linux & cpu=x64 & libc=musl
  languageName: node
  linkType: hard

"@next/swc-win32-arm64-msvc@npm:12.3.1":
  version: 12.3.1
  resolution: "@next/swc-win32-arm64-msvc@npm:12.3.1"
  conditions: os=win32 & cpu=arm64
  languageName: node
  linkType: hard

"@next/swc-win32-ia32-msvc@npm:12.3.1":
  version: 12.3.1
  resolution: "@next/swc-win32-ia32-msvc@npm:12.3.1"
  conditions: os=win32 & cpu=ia32
  languageName: node
  linkType: hard

"@next/swc-win32-x64-msvc@npm:12.3.1":
  version: 12.3.1
  resolution: "@next/swc-win32-x64-msvc@npm:12.3.1"
  conditions: os=win32 & cpu=x64
  languageName: node
  linkType: hard

"@swc/helpers@npm:0.4.11":
  version: 0.4.11
  resolution: "@swc/helpers@npm:0.4.11"
  dependencies:
    tslib: "npm:^2.4.0"
  checksum: beb0124de3b8e1108325e81f46d85b987118a804e7fb347d6fdc28a4be0df80dff57e7031ce75cc8ac0411644ffd93d352cb73ed9c32ec057438c06cf2d98e9b
  languageName: node
  linkType: hard

"caniuse-lite@npm:^1.0.30001406":
  version: 1.0.30001418
  resolution: "caniuse-lite@npm:1.0.30001418"
  checksum: 7cff5e32bec494a816c0d1f56bb3444754e91fe7c4c446e8c0bad88dbf7d563ce57264a0626fbbcc001515f8d22c6b234790577ec9d471932c881f76938ed80c
  languageName: node
  linkType: hard

"color-convert@npm:^2.0.1":
  version: 2.0.1
  resolution: "color-convert@npm:2.0.1"
  dependencies:
    color-name: "npm:~1.1.4"
  checksum: bf4d19d12621eae71a531e5b977f46717b15e0d3253f25790f5779b7577124e4d9c4597df05cee79e8f8e8fc14add04e738a659ee4336ee0cc5587ebc3c602e7
  languageName: node
  linkType: hard

"color-name@npm:^1.0.0, color-name@npm:~1.1.4":
  version: 1.1.4
  resolution: "color-name@npm:1.1.4"
  checksum: 80acf64638343898f5b36825f4c9715ced380e738400b308f3f90ca2327f2f98f0c2cfb1f1a6447f267a2e1d1ea2214f26e948d8acab547e5478e2b0816c7c30
  languageName: node
  linkType: hard

"color-string@npm:^1.9.0":
  version: 1.9.1
  resolution: "color-string@npm:1.9.1"
  dependencies:
    color-name: "npm:^1.0.0"
    simple-swizzle: "npm:^0.2.2"
  checksum: cf76db4143e9d375401d56831ec6bffdfff17aa90276a41dcbdb1723fd7242b2cb6ed2058901544af5823fdf152cdea02eda8546cdd3fe96d4a6a16920166902
  languageName: node
  linkType: hard

"color@npm:^4.2.3":
  version: 4.2.3
  resolution: "color@npm:4.2.3"
  dependencies:
    color-convert: "npm:^2.0.1"
    color-string: "npm:^1.9.0"
  checksum: 6163589829b503c36000a0f2a5854661ecc1c1660d98a703a3230fb1b44b00a6b9804ac1cf8e77d05eab084e6ecac35c0a59d1791c6ff1508bee9636ae0b78b7
  languageName: node
  linkType: hard

"esbuild-android-64@npm:0.15.10":
  version: 0.15.10
  resolution: "esbuild-android-64@npm:0.15.10"
  conditions: os=android & cpu=x64
  languageName: node
  linkType: hard

"esbuild-android-arm64@npm:0.15.10":
  version: 0.15.10
  resolution: "esbuild-android-arm64@npm:0.15.10"
  conditions: os=android & cpu=arm64
  languageName: node
  linkType: hard

"esbuild-darwin-64@npm:0.15.10":
  version: 0.15.10
  resolution: "esbuild-darwin-64@npm:0.15.10"
  conditions: os=darwin & cpu=x64
  languageName: node
  linkType: hard

"esbuild-darwin-arm64@npm:0.15.10":
  version: 0.15.10
  resolution: "esbuild-darwin-arm64@npm:0.15.10"
  conditions: os=darwin & cpu=arm64
  languageName: node
  linkType: hard

"esbuild-freebsd-64@npm:0.15.10":
  version: 0.15.10
  resolution: "esbuild-freebsd-64@npm:0.15.10"
  conditions: os=freebsd & cpu=x64
  languageName: node
  linkType: hard

"esbuild-freebsd-arm64@npm:0.15.10":
  version: 0.15.10
  resolution: "esbuild-freebsd-arm64@npm:0.15.10"
  conditions: os=freebsd & cpu=arm64
  languageName: node
  linkType: hard

"esbuild-linux-32@npm:0.15.10":
  version: 0.15.10
  resolution: "esbuild-linux-32@npm:0.15.10"
  conditions: os=linux & cpu=ia32
  languageName: node
  linkType: hard

"esbuild-linux-64@npm:0.15.10":
  version: 0.15.10
  resolution: "esbuild-linux-64@npm:0.15.10"
  conditions: os=linux & cpu=x64
  languageName: node
  linkType: hard

"esbuild-linux-arm64@npm:0.15.10":
  version: 0.15.10
  resolution: "esbuild-linux-arm64@npm:0.15.10"
  conditions: os=linux & cpu=arm64
  languageName: node
  linkType: hard

"esbuild-linux-arm@npm:0.15.10":
  version: 0.15.10
  resolution: "esbuild-linux-arm@npm:0.15.10"
  conditions: os=linux & cpu=arm
  languageName: node
  linkType: hard

"esbuild-linux-mips64le@npm:0.15.10":
  version: 0.15.10
  resolution: "esbuild-linux-mips64le@npm:0.15.10"
  conditions: os=linux & cpu=mips64el
  languageName: node
  linkType: hard

"esbuild-linux-ppc64le@npm:0.15.10":
  version: 0.15.10
  resolution: "esbuild-linux-ppc64le@npm:0.15.10"
  conditions: os=linux & cpu=ppc64
  languageName: node
  linkType: hard

"esbuild-linux-riscv64@npm:0.15.10":
  version: 0.15.10
  resolution: "esbuild-linux-riscv64@npm:0.15.10"
  conditions: os=linux & cpu=riscv64
  languageName: node
  linkType: hard

"esbuild-linux-s390x@npm:0.15.10":
  version: 0.15.10
  resolution: "esbuild-linux-s390x@npm:0.15.10"
  conditions: os=linux & cpu=s390x
  languageName: node
  linkType: hard

"esbuild-netbsd-64@npm:0.15.10":
  version: 0.15.10
  resolution: "esbuild-netbsd-64@npm:0.15.10"
  conditions: os=netbsd & cpu=x64
  languageName: node
  linkType: hard

"esbuild-openbsd-64@npm:0.15.10":
  version: 0.15.10
  resolution: "esbuild-openbsd-64@npm:0.15.10"
  conditions: os=openbsd & cpu=x64
  languageName: node
  linkType: hard

"esbuild-sunos-64@npm:0.15.10":
  version: 0.15.10
  resolution: "esbuild-sunos-64@npm:0.15.10"
  conditions: os=sunos & cpu=x64
  languageName: node
  linkType: hard

"esbuild-windows-32@npm:0.15.10":
  version: 0.15.10
  resolution: "esbuild-windows-32@npm:0.15.10"
  conditions: os=win32 & cpu=ia32
  languageName: node
  linkType: hard

"esbuild-windows-64@npm:0.15.10":
  version: 0.15.10
  resolution: "esbuild-windows-64@npm:0.15.10"
  conditions: os=win32 & cpu=x64
  languageName: node
  linkType: hard

"esbuild-windows-arm64@npm:0.15.10":
  version: 0.15.10
  resolution: "esbuild-windows-arm64@npm:0.15.10"
  conditions: os=win32 & cpu=arm64
  languageName: node
  linkType: hard

"esbuild@npm:^0.15.10":
  version: 0.15.10
  resolution: "esbuild@npm:0.15.10"
  dependencies:
    "@esbuild/android-arm": "npm:0.15.10"
    "@esbuild/linux-loong64": "npm:0.15.10"
    esbuild-android-64: "npm:0.15.10"
    esbuild-android-arm64: "npm:0.15.10"
    esbuild-darwin-64: "npm:0.15.10"
    esbuild-darwin-arm64: "npm:0.15.10"
    esbuild-freebsd-64: "npm:0.15.10"
    esbuild-freebsd-arm64: "npm:0.15.10"
    esbuild-linux-32: "npm:0.15.10"
    esbuild-linux-64: "npm:0.15.10"
    esbuild-linux-arm: "npm:0.15.10"
    esbuild-linux-arm64: "npm:0.15.10"
    esbuild-linux-mips64le: "npm:0.15.10"
    esbuild-linux-ppc64le: "npm:0.15.10"
    esbuild-linux-riscv64: "npm:0.15.10"
    esbuild-linux-s390x: "npm:0.15.10"
    esbuild-netbsd-64: "npm:0.15.10"
    esbuild-openbsd-64: "npm:0.15.10"
    esbuild-sunos-64: "npm:0.15.10"
    esbuild-windows-32: "npm:0.15.10"
    esbuild-windows-64: "npm:0.15.10"
    esbuild-windows-arm64: "npm:0.15.10"
  dependenciesMeta:
    "@esbuild/android-arm":
      optional: true
    "@esbuild/linux-loong64":
      optional: true
    esbuild-android-64:
      optional: true
    esbuild-android-arm64:
      optional: true
    esbuild-darwin-64:
      optional: true
    esbuild-darwin-arm64:
      optional: true
    esbuild-freebsd-64:
      optional: true
    esbuild-freebsd-arm64:
      optional: true
    esbuild-linux-32:
      optional: true
    esbuild-linux-64:
      optional: true
    esbuild-linux-arm:
      optional: true
    esbuild-linux-arm64:
      optional: true
    esbuild-linux-mips64le:
      optional: true
    esbuild-linux-ppc64le:
      optional: true
    esbuild-linux-riscv64:
      optional: true
    esbuild-linux-s390x:
      optional: true
    esbuild-netbsd-64:
      optional: true
    esbuild-openbsd-64:
      optional: true
    esbuild-sunos-64:
      optional: true
    esbuild-windows-32:
      optional: true
    esbuild-windows-64:
      optional: true
    esbuild-windows-arm64:
      optional: true
  bin:
    esbuild: bin/esbuild
  checksum: 84223305fec7e29de19f1065ddac4e3fc6ea022e12e50f2e5a29e597059e5778b42d310324b3914de66832b6adc31c95c6b6b2733fbd2649f0ddaa8b93c8328c
  languageName: node
  linkType: hard

"is-arrayish@npm:^0.3.1":
  version: 0.3.2
  resolution: "is-arrayish@npm:0.3.2"
  checksum: aed0a701c526d97138e196db5e445da84fea5b649e9466c1d592d2fa7a2a12aa37acb03ca313c38341787dcec5c45b20559bb2abc101dad585d82227e6bc5480
  languageName: node
  linkType: hard

"js-tokens@npm:^3.0.0 || ^4.0.0":
  version: 4.0.0
  resolution: "js-tokens@npm:4.0.0"
  checksum: 47d1c18dc6b9eed4baf1db3d81b36feb95b463201c82ffce0d7a4d65ede596ba97d6ac2468974199705db9ef8a3433606af41fc7bbe7cb25c1dd601785413d9b
  languageName: node
  linkType: hard

"loose-envify@npm:^1.1.0":
  version: 1.4.0
  resolution: "loose-envify@npm:1.4.0"
  dependencies:
    js-tokens: "npm:^3.0.0 || ^4.0.0"
  bin:
    loose-envify: cli.js
  checksum: 39c5fc44c6a8f7f8a92cccf174554fbb307477ef493760407920fdd4ed5f6cc1aec5b6a5ab3c3767ef79547b3e1aea09d8ca08d773232c662d910cfe473a0590
  languageName: node
  linkType: hard

"nanoid@npm:^3.3.4":
  version: 3.3.4
  resolution: "nanoid@npm:3.3.4"
  bin:
    nanoid: bin/nanoid.cjs
  checksum: 53d605377c76614170df4b5a8d3fa21f13c7077453a77e2393a9fe3df5722022f6b94a671f406b51f81e9c937a6928555c1589e3c46a0d9d29f31872d1362246
  languageName: node
  linkType: hard

"next@npm:^12.3.1":
  version: 12.3.1
  resolution: "next@npm:12.3.1"
  dependencies:
    "@next/env": "npm:12.3.1"
    "@next/swc-android-arm-eabi": "npm:12.3.1"
    "@next/swc-android-arm64": "npm:12.3.1"
    "@next/swc-darwin-arm64": "npm:12.3.1"
    "@next/swc-darwin-x64": "npm:12.3.1"
    "@next/swc-freebsd-x64": "npm:12.3.1"
    "@next/swc-linux-arm-gnueabihf": "npm:12.3.1"
    "@next/swc-linux-arm64-gnu": "npm:12.3.1"
    "@next/swc-linux-arm64-musl": "npm:12.3.1"
    "@next/swc-linux-x64-gnu": "npm:12.3.1"
    "@next/swc-linux-x64-musl": "npm:12.3.1"
    "@next/swc-win32-arm64-msvc": "npm:12.3.1"
    "@next/swc-win32-ia32-msvc": "npm:12.3.1"
    "@next/swc-win32-x64-msvc": "npm:12.3.1"
    "@swc/helpers": "npm:0.4.11"
    caniuse-lite: "npm:^1.0.30001406"
    postcss: "npm:8.4.14"
    styled-jsx: "npm:5.0.7"
    use-sync-external-store: "npm:1.2.0"
  peerDependencies:
    fibers: ">= 3.1.0"
    node-sass: ^6.0.0 || ^7.0.0
    react: ^17.0.2 || ^18.0.0-0
    react-dom: ^17.0.2 || ^18.0.0-0
    sass: ^1.3.0
  dependenciesMeta:
    "@next/swc-android-arm-eabi":
      optional: true
    "@next/swc-android-arm64":
      optional: true
    "@next/swc-darwin-arm64":
      optional: true
    "@next/swc-darwin-x64":
      optional: true
    "@next/swc-freebsd-x64":
      optional: true
    "@next/swc-linux-arm-gnueabihf":
      optional: true
    "@next/swc-linux-arm64-gnu":
      optional: true
    "@next/swc-linux-arm64-musl":
      optional: true
    "@next/swc-linux-x64-gnu":
      optional: true
    "@next/swc-linux-x64-musl":
      optional: true
    "@next/swc-win32-arm64-msvc":
      optional: true
    "@next/swc-win32-ia32-msvc":
      optional: true
    "@next/swc-win32-x64-msvc":
      optional: true
  peerDependenciesMeta:
    fibers:
      optional: true
    node-sass:
      optional: true
    sass:
      optional: true
  bin:
    next: dist/bin/next
  checksum: f48744556b17067c869c2be2b19b44fdcb28b5356465afe13bb92125910fdbdd05dfc3f8370750bee150a57e7edf7774b25218f7174da4d01639688383c7100d
  languageName: node
  linkType: hard

"picocolors@npm:^1.0.0":
  version: 1.0.0
  resolution: "picocolors@npm:1.0.0"
  checksum: 447e1f6e4953522a3947f2effa93dca66f2436a7c275327ba1a7fb526eab369fc9847d77ebcd734dc483322256f34b431e93a325e44726e4ec390c11cc7f5c87
  languageName: node
  linkType: hard

"postcss@npm:8.4.14":
  version: 8.4.14
  resolution: "postcss@npm:8.4.14"
  dependencies:
    nanoid: "npm:^3.3.4"
    picocolors: "npm:^1.0.0"
    source-map-js: "npm:^1.0.2"
  checksum: 1e1e4a4cc235674bea79da18dd3e02ea8ffcd51546c7ddf1fc7ba4de5e89154a83988bb8c1b30bd9566df56fc0077dce6e620d8f9ce6ababf60f659ffc53f72c
  languageName: node
  linkType: hard

"react-dom@npm:^18.2.0":
  version: 18.2.0
  resolution: "react-dom@npm:18.2.0"
  dependencies:
    loose-envify: "npm:^1.1.0"
    scheduler: "npm:^0.23.0"
  peerDependencies:
    react: ^18.2.0
  checksum: 7c5b915fb793d63563cec1f721e059e6ff0e2855ac116ab5cb7450b6c59398f5e25f95c960ce5cb93504cc58ab724a75a78e99282354e702a0e667d0d787d028
  languageName: node
  linkType: hard

"react-old@npm:react@^18.2.0, react@npm:react@^18.2.0":
  version: 18.2.0
  resolution: "react@npm:18.2.0"
  dependencies:
    loose-envify: "npm:^1.1.0"
  checksum: 8434e5782c52b3bf18a80b666348977924ee3827895fa03ec3ffb9faca90c460049f14130428dd1546bab6cf3b2c277f2c243d3c2a856501331d2e69c24b2bb9
  languageName: node
  linkType: hard

"react-scheduler@npm:^0.1.0":
  version: 0.1.0
  resolution: "react-scheduler@npm:0.1.0"
  checksum: ad2d53ec6390ae5fc890d66036fa7287936bb3292ff8860ff3ff79b3a7a25fe1d7bbd953908faea65f7bd2cc901629666550d28ab044001df252fd87991243ca
  languageName: node
  linkType: hard

"root-workspace-0b6124@workspace:.":
  version: 0.0.0-use.local
  resolution: "root-workspace-0b6124@workspace:."
  dependencies:
    esbuild: "npm:^0.15.10"
  languageName: unknown
  linkType: soft

"scheduler@npm:^0.23.0":
  version: 0.23.0
  resolution: "scheduler@npm:0.23.0"
  dependencies:
    loose-envify: "npm:^1.1.0"
  checksum: f4022b95cdc282668643da4850f55fe70c899aa956d11819f196e2ca892271bdb253613e53997852094f9351f7c72d057eea8b28d9b4bcb93bcb1c6d09985c82
  languageName: node
  linkType: hard

"simple-swizzle@npm:^0.2.2":
  version: 0.2.2
  resolution: "simple-swizzle@npm:0.2.2"
  dependencies:
    is-arrayish: "npm:^0.3.1"
  checksum: da2f0812cd395009bbe2fd2fe803300a63025f7f330c1492ea41e2b4a819138806a2a99c05ae1527cb750da43ff9dc2ccde294ad1e998cedbd459cb068dc68a3
  languageName: node
  linkType: hard

"source-map-js@npm:^1.0.2":
  version: 1.0.2
  resolution: "source-map-js@npm:1.0.2"
  checksum: 4496d29f371909dbc27dfb302f31cadc70b6f1591b2b433337daf923fac30e9632523e169494b40d06b53228166a577875a3610bce3412de8bb600152f748a9c
  languageName: node
  linkType: hard

"styled-jsx@npm:5.0.7":
  version: 5.0.7
  resolution: "styled-jsx@npm:5.0.7"
  peerDependencies:
    react: ">= 16.8.0 || 17.x.x || ^18.0.0-0"
  peerDependenciesMeta:
    "@babel/core":
      optional: true
    babel-plugin-macros:
      optional: true
  checksum: 49b7105bb77180f4c75c43b4038ebb07d4393dc8be82877cd9f19771e475b51a12332e1ac188260b8998d7d51afde9212b87e11009410a55d3b4351149c9da91
  languageName: node
  linkType: hard

"testa@workspace:^, testa@workspace:packages/testa":
  version: 0.0.0-use.local
  resolution: "testa@workspace:packages/testa"
  dependencies:
    color: "npm:^4.2.3"
    esbuild: "npm:^0.15.10"
    react-old: "npm:react@^18.2.0"
    typescript: "npm:^4.8.4"
  bin:
    testa-test: ./bin/testa-test
  languageName: unknown
  linkType: soft

"testb@workspace:packages/testb":
  version: 0.0.0-use.local
  resolution: "testb@workspace:packages/testb"
  dependencies:
    esbuild: "npm:^0.15.10"
    next: "npm:^12.3.1"
    react: "npm:react@^18.2.0"
    react-dom: "npm:^18.2.0"
    react-scheduler: "npm:^0.1.0"
    testa: "workspace:^"
  bin:
    testb: ./index.js
  languageName: unknown
  linkType: soft

"tslib@npm:^2.4.0":
  version: 2.4.0
  resolution: "tslib@npm:2.4.0"
  checksum: 022a70708abbc3491734959effd9a87e6e0af5932b61d0c9f1d07b8b80cabbbfc9fc9e9c0fe86e5ab2d32d766ae30117edf00b02d170ff255ab7e60361a4b711
  languageName: node
  linkType: hard

"typescript@npm:^4.8.4":
  version: 4.8.4
  resolution: "typescript@npm:4.8.4"
  bin:
    tsc: bin/tsc
    tsserver: bin/tsserver
  checksum: 008c336ed785130b6e13254adbfc4084f5dbbe62851df9bac3eaf62fc29e0a396839c00ce47e0d92db44fa9a08b9f7ba4d31304f2b10cf7d42a0817728e822a1
  languageName: node
  linkType: hard

"typescript@patch:typescript@npm%3A^4.8.4#optional!builtin<compat/typescript>":
  version: 4.8.4
  resolution: "typescript@patch:typescript@npm%3A4.8.4#optional!builtin<compat/typescript>::version=4.8.4&hash=701156"
  bin:
    tsc: bin/tsc
    tsserver: bin/tsserver
  checksum: 72574875bac1c13aec22010780d4841a10a88342d73744dbbad538bb0ed601f2024187f197239f2dcbf2442f83ecc4de04a80941d49730c403969fbba035ed81
  languageName: node
  linkType: hard

"use-sync-external-store@npm:1.2.0":
  version: 1.2.0
  resolution: "use-sync-external-store@npm:1.2.0"
  peerDependencies:
    react: ^16.8.0 || ^17.0.0 || ^18.0.0
  checksum: bed3d1f68ca3dd33647035dbeb9d3a5ece12fced0245cb0fa831426192e52e4948b0fc6e9187d9d4dce9f58269af605f8feeeda100d2928f8b865f9cd9cc4a4a
  languageName: node
  linkType: hard
